# @generated by Move, please check-in and do not edit manually.

[move]
version = 3
manifest_digest = "89DA419C3B3676C39E602F79335CFD5DF3CD5AE176C9687FA5EDE3AAD2144EB3"
deps_digest = "F9B494B64F0615AED0E98FC12A85B85ECD2BC5185C22D30E7F67786BB52E507C"
dependencies = [
  { id = "Bridge", name = "Bridge" },
  { id = "MoveStdlib", name = "MoveStdlib" },
  { id = "Sui", name = "Sui" },
  { id = "SuiSystem", name = "SuiSystem" },
]

[[move.package]]
id = "Bridge"
source = { git = "https://github.com/MystenLabs/sui.git", rev = "e54b798790ed", subdir = "crates/sui-framework/packages/bridge" }

dependencies = [
  { id = "MoveStdlib", name = "MoveStdlib" },
  { id = "Sui", name = "Sui" },
  { id = "SuiSystem", name = "SuiSystem" },
]

[[move.package]]
id = "MoveStdlib"
source = { git = "https://github.com/MystenLabs/sui.git", rev = "e54b798790ed", subdir = "crates/sui-framework/packages/move-stdlib" }

[[move.package]]
id = "Sui"
source = { git = "https://github.com/MystenLabs/sui.git", rev = "e54b798790ed", subdir = "crates/sui-framework/packages/sui-framework" }

dependencies = [
  { id = "MoveStdlib", name = "MoveStdlib" },
]

[[move.package]]
id = "SuiSystem"
source = { git = "https://github.com/MystenLabs/sui.git", rev = "e54b798790ed", subdir = "crates/sui-framework/packages/sui-system" }

dependencies = [
  { id = "MoveStdlib", name = "MoveStdlib" },
  { id = "Sui", name = "Sui" },
]

[move.toolchain-version]
compiler-version = "1.48.0"
edition = "2024"
flavor = "sui"

[env]

[env.devnet]
chain-id = "0924eade"
original-published-id = "0x3dfca6ce4e705307b4f85e3bb462f7cbe41daab8d0fdc658d55df4de7314d387"
latest-published-id = "0x3dfca6ce4e705307b4f85e3bb462f7cbe41daab8d0fdc658d55df4de7314d387"
published-version = "1"
